// !$*UTF8*$!
{
	archiveVersion = 1;
	classes = {
	};
	objectVersion = 46;
	objects = {

/* Begin PBXBuildFile section */
		9659580A1E5FA62200D13CFE /* main.m in Sources */ = {isa = PBXBuildFile; fileRef = 965958091E5FA62200D13CFE /* main.m */; };
		9659580D1E5FA62200D13CFE /* AppDelegate.m in Sources */ = {isa = PBXBuildFile; fileRef = 9659580C1E5FA62200D13CFE /* AppDelegate.m */; };
		965958101E5FA62200D13CFE /* FirstViewController.m in Sources */ = {isa = PBXBuildFile; fileRef = 9659580F1E5FA62200D13CFE /* FirstViewController.m */; };
		965958131E5FA62200D13CFE /* SecondViewController.m in Sources */ = {isa = PBXBuildFile; fileRef = 965958121E5FA62200D13CFE /* SecondViewController.m */; };
		965958161E5FA62200D13CFE /* Main.storyboard in Resources */ = {isa = PBXBuildFile; fileRef = 965958141E5FA62200D13CFE /* Main.storyboard */; };
		965958181E5FA62200D13CFE /* Assets.xcassets in Resources */ = {isa = PBXBuildFile; fileRef = 965958171E5FA62200D13CFE /* Assets.xcassets */; };
		9659581B1E5FA62200D13CFE /* LaunchScreen.storyboard in Resources */ = {isa = PBXBuildFile; fileRef = 965958191E5FA62200D13CFE /* LaunchScreen.storyboard */; };
		965958AA1E611A0C00D13CFE /* DTScrollStatusView.m in Sources */ = {isa = PBXBuildFile; fileRef = 965958771E611A0C00D13CFE /* DTScrollStatusView.m */; };
		965958AB1E611A0C00D13CFE /* DTStatusView.m in Sources */ = {isa = PBXBuildFile; fileRef = 965958791E611A0C00D13CFE /* DTStatusView.m */; };
		965958AC1E611A0C00D13CFE /* LICENSE in Resources */ = {isa = PBXBuildFile; fileRef = 9659587B1E611A0C00D13CFE /* LICENSE */; };
		965958AD1E611A0C00D13CFE /* MJRefreshAutoFooter.m in Sources */ = {isa = PBXBuildFile; fileRef = 9659587F1E611A0C00D13CFE /* MJRefreshAutoFooter.m */; };
		965958AE1E611A0C00D13CFE /* MJRefreshBackFooter.m in Sources */ = {isa = PBXBuildFile; fileRef = 965958811E611A0C00D13CFE /* MJRefreshBackFooter.m */; };
		965958AF1E611A0C00D13CFE /* MJRefreshComponent.m in Sources */ = {isa = PBXBuildFile; fileRef = 965958831E611A0C00D13CFE /* MJRefreshComponent.m */; };
		965958B01E611A0C00D13CFE /* MJRefreshFooter.m in Sources */ = {isa = PBXBuildFile; fileRef = 965958851E611A0C00D13CFE /* MJRefreshFooter.m */; };
		965958B11E611A0C00D13CFE /* MJRefreshHeader.m in Sources */ = {isa = PBXBuildFile; fileRef = 965958871E611A0C00D13CFE /* MJRefreshHeader.m */; };
		965958B21E611A0C00D13CFE /* MJRefreshAutoGifFooter.m in Sources */ = {isa = PBXBuildFile; fileRef = 9659588C1E611A0C00D13CFE /* MJRefreshAutoGifFooter.m */; };
		965958B31E611A0C00D13CFE /* MJRefreshAutoNormalFooter.m in Sources */ = {isa = PBXBuildFile; fileRef = 9659588E1E611A0C00D13CFE /* MJRefreshAutoNormalFooter.m */; };
		965958B41E611A0C00D13CFE /* MJRefreshAutoStateFooter.m in Sources */ = {isa = PBXBuildFile; fileRef = 965958901E611A0C00D13CFE /* MJRefreshAutoStateFooter.m */; };
		965958B51E611A0C00D13CFE /* MJRefreshBackGifFooter.m in Sources */ = {isa = PBXBuildFile; fileRef = 965958931E611A0C00D13CFE /* MJRefreshBackGifFooter.m */; };
		965958B61E611A0C00D13CFE /* MJRefreshBackNormalFooter.m in Sources */ = {isa = PBXBuildFile; fileRef = 965958951E611A0C00D13CFE /* MJRefreshBackNormalFooter.m */; };
		965958B71E611A0C00D13CFE /* MJRefreshBackStateFooter.m in Sources */ = {isa = PBXBuildFile; fileRef = 965958971E611A0C00D13CFE /* MJRefreshBackStateFooter.m */; };
		965958B81E611A0C00D13CFE /* MJRefreshGifHeader.m in Sources */ = {isa = PBXBuildFile; fileRef = 9659589A1E611A0C00D13CFE /* MJRefreshGifHeader.m */; };
		965958B91E611A0C00D13CFE /* MJRefreshNormalHeader.m in Sources */ = {isa = PBXBuildFile; fileRef = 9659589C1E611A0C00D13CFE /* MJRefreshNormalHeader.m */; };
		965958BA1E611A0C00D13CFE /* MJRefreshStateHeader.m in Sources */ = {isa = PBXBuildFile; fileRef = 9659589E1E611A0C00D13CFE /* MJRefreshStateHeader.m */; };
		965958BB1E611A0C00D13CFE /* MJRefresh.bundle in Resources */ = {isa = PBXBuildFile; fileRef = 9659589F1E611A0C00D13CFE /* MJRefresh.bundle */; };
		965958BC1E611A0C00D13CFE /* MJRefreshConst.m in Sources */ = {isa = PBXBuildFile; fileRef = 965958A21E611A0C00D13CFE /* MJRefreshConst.m */; };
		965958BD1E611A0C00D13CFE /* UIScrollView+MJExtension.m in Sources */ = {isa = PBXBuildFile; fileRef = 965958A41E611A0C00D13CFE /* UIScrollView+MJExtension.m */; };
		965958BE1E611A0C00D13CFE /* UIScrollView+MJRefresh.m in Sources */ = {isa = PBXBuildFile; fileRef = 965958A61E611A0C00D13CFE /* UIScrollView+MJRefresh.m */; };
		965958BF1E611A0C00D13CFE /* UIView+MJExtension.m in Sources */ = {isa = PBXBuildFile; fileRef = 965958A81E611A0C00D13CFE /* UIView+MJExtension.m */; };
		965958C01E611A0C00D13CFE /* README.md in Sources */ = {isa = PBXBuildFile; fileRef = 965958A91E611A0C00D13CFE /* README.md */; };
		965958C31E611C2500D13CFE /* ScrollTapViewController.m in Sources */ = {isa = PBXBuildFile; fileRef = 965958C21E611C2500D13CFE /* ScrollTapViewController.m */; };
		965958CA1E63B32700D13CFE /* QPSDK.bundle in Resources */ = {isa = PBXBuildFile; fileRef = 965958C81E63B32700D13CFE /* QPSDK.bundle */; };
		965958CB1E63B32700D13CFE /* QPSDK.framework in Frameworks */ = {isa = PBXBuildFile; fileRef = 965958C91E63B32700D13CFE /* QPSDK.framework */; };
		965958CF1E655A3F00D13CFE /* XRCollectionViewCell.m in Sources */ = {isa = PBXBuildFile; fileRef = 965958CD1E655A3F00D13CFE /* XRCollectionViewCell.m */; };
		965958D01E655A3F00D13CFE /* XRCollectionViewCell.xib in Resources */ = {isa = PBXBuildFile; fileRef = 965958CE1E655A3F00D13CFE /* XRCollectionViewCell.xib */; };
		965958D41E655C6000D13CFE /* 1.plist in Resources */ = {isa = PBXBuildFile; fileRef = 965958D11E655C6000D13CFE /* 1.plist */; };
		965958D51E655C6000D13CFE /* XRImage.m in Sources */ = {isa = PBXBuildFile; fileRef = 965958D31E655C6000D13CFE /* XRImage.m */; };
		965958D71E6569BA00D13CFE /* libXRWaterfallLayout.a in Frameworks */ = {isa = PBXBuildFile; fileRef = 965958D61E6569BA00D13CFE /* libXRWaterfallLayout.a */; };
		965958DA1E656F8000D13CFE /* libSDWebImage.a in Frameworks */ = {isa = PBXBuildFile; fileRef = 965958D81E6569C100D13CFE /* libSDWebImage.a */; };
/* End PBXBuildFile section */

/* Begin PBXFileReference section */
		0EA99CACFF606C39DA75A70B /* Pods-geinipai.debug.xcconfig */ = {isa = PBXFileReference; includeInIndex = 1; lastKnownFileType = text.xcconfig; name = "Pods-geinipai.debug.xcconfig"; path = "Pods/Target Support Files/Pods-geinipai/Pods-geinipai.debug.xcconfig"; sourceTree = "<group>"; };
		4CD68E7210CEF1BFFBB138B0 /* libPods-geinipai.a */ = {isa = PBXFileReference; explicitFileType = archive.ar; includeInIndex = 0; path = "libPods-geinipai.a"; sourceTree = BUILT_PRODUCTS_DIR; };
		965958051E5FA62200D13CFE /* geinipai.app */ = {isa = PBXFileReference; explicitFileType = wrapper.application; includeInIndex = 0; path = geinipai.app; sourceTree = BUILT_PRODUCTS_DIR; };
		965958091E5FA62200D13CFE /* main.m */ = {isa = PBXFileReference; lastKnownFileType = sourcecode.c.objc; path = main.m; sourceTree = "<group>"; };
		9659580B1E5FA62200D13CFE /* AppDelegate.h */ = {isa = PBXFileReference; lastKnownFileType = sourcecode.c.h; path = AppDelegate.h; sourceTree = "<group>"; };
		9659580C1E5FA62200D13CFE /* AppDelegate.m */ = {isa = PBXFileReference; lastKnownFileType = sourcecode.c.objc; path = AppDelegate.m; sourceTree = "<group>"; };
		9659580E1E5FA62200D13CFE /* FirstViewController.h */ = {isa = PBXFileReference; lastKnownFileType = sourcecode.c.h; path = FirstViewController.h; sourceTree = "<group>"; };
		9659580F1E5FA62200D13CFE /* FirstViewController.m */ = {isa = PBXFileReference; lastKnownFileType = sourcecode.c.objc; path = FirstViewController.m; sourceTree = "<group>"; };
		965958111E5FA62200D13CFE /* SecondViewController.h */ = {isa = PBXFileReference; lastKnownFileType = sourcecode.c.h; path = SecondViewController.h; sourceTree = "<group>"; };
		965958121E5FA62200D13CFE /* SecondViewController.m */ = {isa = PBXFileReference; lastKnownFileType = sourcecode.c.objc; path = SecondViewController.m; sourceTree = "<group>"; };
		965958151E5FA62200D13CFE /* Base */ = {isa = PBXFileReference; lastKnownFileType = file.storyboard; name = Base; path = Base.lproj/Main.storyboard; sourceTree = "<group>"; };
		965958171E5FA62200D13CFE /* Assets.xcassets */ = {isa = PBXFileReference; lastKnownFileType = folder.assetcatalog; path = Assets.xcassets; sourceTree = "<group>"; };
		9659581A1E5FA62200D13CFE /* Base */ = {isa = PBXFileReference; lastKnownFileType = file.storyboard; name = Base; path = Base.lproj/LaunchScreen.storyboard; sourceTree = "<group>"; };
		9659581C1E5FA62200D13CFE /* Info.plist */ = {isa = PBXFileReference; lastKnownFileType = text.plist.xml; path = Info.plist; sourceTree = "<group>"; };
		965958281E60027400D13CFE /* zh-Hans */ = {isa = PBXFileReference; lastKnownFileType = text.plist.strings; name = "zh-Hans"; path = "zh-Hans.lproj/Main.strings"; sourceTree = "<group>"; };
		965958291E60027400D13CFE /* zh-Hans */ = {isa = PBXFileReference; lastKnownFileType = text.plist.strings; name = "zh-Hans"; path = "zh-Hans.lproj/LaunchScreen.strings"; sourceTree = "<group>"; };
		965958761E611A0C00D13CFE /* DTScrollStatusView.h */ = {isa = PBXFileReference; fileEncoding = 4; lastKnownFileType = sourcecode.c.h; path = DTScrollStatusView.h; sourceTree = "<group>"; };
		965958771E611A0C00D13CFE /* DTScrollStatusView.m */ = {isa = PBXFileReference; fileEncoding = 4; lastKnownFileType = sourcecode.c.objc; path = DTScrollStatusView.m; sourceTree = "<group>"; };
		965958781E611A0C00D13CFE /* DTStatusView.h */ = {isa = PBXFileReference; fileEncoding = 4; lastKnownFileType = sourcecode.c.h; path = DTStatusView.h; sourceTree = "<group>"; };
		965958791E611A0C00D13CFE /* DTStatusView.m */ = {isa = PBXFileReference; fileEncoding = 4; lastKnownFileType = sourcecode.c.objc; path = DTStatusView.m; sourceTree = "<group>"; };
		9659587B1E611A0C00D13CFE /* LICENSE */ = {isa = PBXFileReference; fileEncoding = 4; lastKnownFileType = text; path = LICENSE; sourceTree = "<group>"; };
		9659587E1E611A0C00D13CFE /* MJRefreshAutoFooter.h */ = {isa = PBXFileReference; fileEncoding = 4; lastKnownFileType = sourcecode.c.h; path = MJRefreshAutoFooter.h; sourceTree = "<group>"; };
		9659587F1E611A0C00D13CFE /* MJRefreshAutoFooter.m */ = {isa = PBXFileReference; fileEncoding = 4; lastKnownFileType = sourcecode.c.objc; path = MJRefreshAutoFooter.m; sourceTree = "<group>"; };
		965958801E611A0C00D13CFE /* MJRefreshBackFooter.h */ = {isa = PBXFileReference; fileEncoding = 4; lastKnownFileType = sourcecode.c.h; path = MJRefreshBackFooter.h; sourceTree = "<group>"; };
		965958811E611A0C00D13CFE /* MJRefreshBackFooter.m */ = {isa = PBXFileReference; fileEncoding = 4; lastKnownFileType = sourcecode.c.objc; path = MJRefreshBackFooter.m; sourceTree = "<group>"; };
		965958821E611A0C00D13CFE /* MJRefreshComponent.h */ = {isa = PBXFileReference; fileEncoding = 4; lastKnownFileType = sourcecode.c.h; path = MJRefreshComponent.h; sourceTree = "<group>"; };
		965958831E611A0C00D13CFE /* MJRefreshComponent.m */ = {isa = PBXFileReference; fileEncoding = 4; lastKnownFileType = sourcecode.c.objc; path = MJRefreshComponent.m; sourceTree = "<group>"; };
		965958841E611A0C00D13CFE /* MJRefreshFooter.h */ = {isa = PBXFileReference; fileEncoding = 4; lastKnownFileType = sourcecode.c.h; path = MJRefreshFooter.h; sourceTree = "<group>"; };
		965958851E611A0C00D13CFE /* MJRefreshFooter.m */ = {isa = PBXFileReference; fileEncoding = 4; lastKnownFileType = sourcecode.c.objc; path = MJRefreshFooter.m; sourceTree = "<group>"; };
		965958861E611A0C00D13CFE /* MJRefreshHeader.h */ = {isa = PBXFileReference; fileEncoding = 4; lastKnownFileType = sourcecode.c.h; path = MJRefreshHeader.h; sourceTree = "<group>"; };
		965958871E611A0C00D13CFE /* MJRefreshHeader.m */ = {isa = PBXFileReference; fileEncoding = 4; lastKnownFileType = sourcecode.c.objc; path = MJRefreshHeader.m; sourceTree = "<group>"; };
		9659588B1E611A0C00D13CFE /* MJRefreshAutoGifFooter.h */ = {isa = PBXFileReference; fileEncoding = 4; lastKnownFileType = sourcecode.c.h; path = MJRefreshAutoGifFooter.h; sourceTree = "<group>"; };
		9659588C1E611A0C00D13CFE /* MJRefreshAutoGifFooter.m */ = {isa = PBXFileReference; fileEncoding = 4; lastKnownFileType = sourcecode.c.objc; path = MJRefreshAutoGifFooter.m; sourceTree = "<group>"; };
		9659588D1E611A0C00D13CFE /* MJRefreshAutoNormalFooter.h */ = {isa = PBXFileReference; fileEncoding = 4; lastKnownFileType = sourcecode.c.h; path = MJRefreshAutoNormalFooter.h; sourceTree = "<group>"; };
		9659588E1E611A0C00D13CFE /* MJRefreshAutoNormalFooter.m */ = {isa = PBXFileReference; fileEncoding = 4; lastKnownFileType = sourcecode.c.objc; path = MJRefreshAutoNormalFooter.m; sourceTree = "<group>"; };
		9659588F1E611A0C00D13CFE /* MJRefreshAutoStateFooter.h */ = {isa = PBXFileReference; fileEncoding = 4; lastKnownFileType = sourcecode.c.h; path = MJRefreshAutoStateFooter.h; sourceTree = "<group>"; };
		965958901E611A0C00D13CFE /* MJRefreshAutoStateFooter.m */ = {isa = PBXFileReference; fileEncoding = 4; lastKnownFileType = sourcecode.c.objc; path = MJRefreshAutoStateFooter.m; sourceTree = "<group>"; };
		965958921E611A0C00D13CFE /* MJRefreshBackGifFooter.h */ = {isa = PBXFileReference; fileEncoding = 4; lastKnownFileType = sourcecode.c.h; path = MJRefreshBackGifFooter.h; sourceTree = "<group>"; };
		965958931E611A0C00D13CFE /* MJRefreshBackGifFooter.m */ = {isa = PBXFileReference; fileEncoding = 4; lastKnownFileType = sourcecode.c.objc; path = MJRefreshBackGifFooter.m; sourceTree = "<group>"; };
		965958941E611A0C00D13CFE /* MJRefreshBackNormalFooter.h */ = {isa = PBXFileReference; fileEncoding = 4; lastKnownFileType = sourcecode.c.h; path = MJRefreshBackNormalFooter.h; sourceTree = "<group>"; };
		965958951E611A0C00D13CFE /* MJRefreshBackNormalFooter.m */ = {isa = PBXFileReference; fileEncoding = 4; lastKnownFileType = sourcecode.c.objc; path = MJRefreshBackNormalFooter.m; sourceTree = "<group>"; };
		965958961E611A0C00D13CFE /* MJRefreshBackStateFooter.h */ = {isa = PBXFileReference; fileEncoding = 4; lastKnownFileType = sourcecode.c.h; path = MJRefreshBackStateFooter.h; sourceTree = "<group>"; };
		965958971E611A0C00D13CFE /* MJRefreshBackStateFooter.m */ = {isa = PBXFileReference; fileEncoding = 4; lastKnownFileType = sourcecode.c.objc; path = MJRefreshBackStateFooter.m; sourceTree = "<group>"; };
		965958991E611A0C00D13CFE /* MJRefreshGifHeader.h */ = {isa = PBXFileReference; fileEncoding = 4; lastKnownFileType = sourcecode.c.h; path = MJRefreshGifHeader.h; sourceTree = "<group>"; };
		9659589A1E611A0C00D13CFE /* MJRefreshGifHeader.m */ = {isa = PBXFileReference; fileEncoding = 4; lastKnownFileType = sourcecode.c.objc; path = MJRefreshGifHeader.m; sourceTree = "<group>"; };
		9659589B1E611A0C00D13CFE /* MJRefreshNormalHeader.h */ = {isa = PBXFileReference; fileEncoding = 4; lastKnownFileType = sourcecode.c.h; path = MJRefreshNormalHeader.h; sourceTree = "<group>"; };
		9659589C1E611A0C00D13CFE /* MJRefreshNormalHeader.m */ = {isa = PBXFileReference; fileEncoding = 4; lastKnownFileType = sourcecode.c.objc; path = MJRefreshNormalHeader.m; sourceTree = "<group>"; };
		9659589D1E611A0C00D13CFE /* MJRefreshStateHeader.h */ = {isa = PBXFileReference; fileEncoding = 4; lastKnownFileType = sourcecode.c.h; path = MJRefreshStateHeader.h; sourceTree = "<group>"; };
		9659589E1E611A0C00D13CFE /* MJRefreshStateHeader.m */ = {isa = PBXFileReference; fileEncoding = 4; lastKnownFileType = sourcecode.c.objc; path = MJRefreshStateHeader.m; sourceTree = "<group>"; };
		9659589F1E611A0C00D13CFE /* MJRefresh.bundle */ = {isa = PBXFileReference; lastKnownFileType = "wrapper.plug-in"; path = MJRefresh.bundle; sourceTree = "<group>"; };
		965958A01E611A0C00D13CFE /* MJRefresh.h */ = {isa = PBXFileReference; fileEncoding = 4; lastKnownFileType = sourcecode.c.h; path = MJRefresh.h; sourceTree = "<group>"; };
		965958A11E611A0C00D13CFE /* MJRefreshConst.h */ = {isa = PBXFileReference; fileEncoding = 4; lastKnownFileType = sourcecode.c.h; path = MJRefreshConst.h; sourceTree = "<group>"; };
		965958A21E611A0C00D13CFE /* MJRefreshConst.m */ = {isa = PBXFileReference; fileEncoding = 4; lastKnownFileType = sourcecode.c.objc; path = MJRefreshConst.m; sourceTree = "<group>"; };
		965958A31E611A0C00D13CFE /* UIScrollView+MJExtension.h */ = {isa = PBXFileReference; fileEncoding = 4; lastKnownFileType = sourcecode.c.h; path = "UIScrollView+MJExtension.h"; sourceTree = "<group>"; };
		965958A41E611A0C00D13CFE /* UIScrollView+MJExtension.m */ = {isa = PBXFileReference; fileEncoding = 4; lastKnownFileType = sourcecode.c.objc; path = "UIScrollView+MJExtension.m"; sourceTree = "<group>"; };
		965958A51E611A0C00D13CFE /* UIScrollView+MJRefresh.h */ = {isa = PBXFileReference; fileEncoding = 4; lastKnownFileType = sourcecode.c.h; path = "UIScrollView+MJRefresh.h"; sourceTree = "<group>"; };
		965958A61E611A0C00D13CFE /* UIScrollView+MJRefresh.m */ = {isa = PBXFileReference; fileEncoding = 4; lastKnownFileType = sourcecode.c.objc; path = "UIScrollView+MJRefresh.m"; sourceTree = "<group>"; };
		965958A71E611A0C00D13CFE /* UIView+MJExtension.h */ = {isa = PBXFileReference; fileEncoding = 4; lastKnownFileType = sourcecode.c.h; path = "UIView+MJExtension.h"; sourceTree = "<group>"; };
		965958A81E611A0C00D13CFE /* UIView+MJExtension.m */ = {isa = PBXFileReference; fileEncoding = 4; lastKnownFileType = sourcecode.c.objc; path = "UIView+MJExtension.m"; sourceTree = "<group>"; };
		965958A91E611A0C00D13CFE /* README.md */ = {isa = PBXFileReference; fileEncoding = 4; lastKnownFileType = net.daringfireball.markdown; path = README.md; sourceTree = "<group>"; };
		965958C11E611C2500D13CFE /* ScrollTapViewController.h */ = {isa = PBXFileReference; fileEncoding = 4; lastKnownFileType = sourcecode.c.h; path = ScrollTapViewController.h; sourceTree = "<group>"; };
		965958C21E611C2500D13CFE /* ScrollTapViewController.m */ = {isa = PBXFileReference; fileEncoding = 4; lastKnownFileType = sourcecode.c.objc; path = ScrollTapViewController.m; sourceTree = "<group>"; };
		965958C81E63B32700D13CFE /* QPSDK.bundle */ = {isa = PBXFileReference; lastKnownFileType = "wrapper.plug-in"; path = QPSDK.bundle; sourceTree = "<group>"; };
		965958C91E63B32700D13CFE /* QPSDK.framework */ = {isa = PBXFileReference; lastKnownFileType = wrapper.framework; path = QPSDK.framework; sourceTree = "<group>"; };
		965958CC1E655A3F00D13CFE /* XRCollectionViewCell.h */ = {isa = PBXFileReference; fileEncoding = 4; lastKnownFileType = sourcecode.c.h; path = XRCollectionViewCell.h; sourceTree = "<group>"; };
		965958CD1E655A3F00D13CFE /* XRCollectionViewCell.m */ = {isa = PBXFileReference; fileEncoding = 4; lastKnownFileType = sourcecode.c.objc; path = XRCollectionViewCell.m; sourceTree = "<group>"; };
		965958CE1E655A3F00D13CFE /* XRCollectionViewCell.xib */ = {isa = PBXFileReference; fileEncoding = 4; lastKnownFileType = file.xib; path = XRCollectionViewCell.xib; sourceTree = "<group>"; };
		965958D11E655C6000D13CFE /* 1.plist */ = {isa = PBXFileReference; fileEncoding = 4; lastKnownFileType = text.plist.xml; path = 1.plist; sourceTree = "<group>"; };
		965958D21E655C6000D13CFE /* XRImage.h */ = {isa = PBXFileReference; fileEncoding = 4; lastKnownFileType = sourcecode.c.h; path = XRImage.h; sourceTree = "<group>"; };
		965958D31E655C6000D13CFE /* XRImage.m */ = {isa = PBXFileReference; fileEncoding = 4; lastKnownFileType = sourcecode.c.objc; path = XRImage.m; sourceTree = "<group>"; };
		965958D61E6569BA00D13CFE /* libXRWaterfallLayout.a */ = {isa = PBXFileReference; lastKnownFileType = archive.ar; name = libXRWaterfallLayout.a; path = "../../Library/Developer/Xcode/DerivedData/geinipai-grvsnakkgndmcibxdtbfznczdblr/Build/Products/Debug-iphonesimulator/XRWaterfallLayout/libXRWaterfallLayout.a"; sourceTree = "<group>"; };
		965958D81E6569C100D13CFE /* libSDWebImage.a */ = {isa = PBXFileReference; lastKnownFileType = archive.ar; name = libSDWebImage.a; path = "../../Library/Developer/Xcode/DerivedData/geinipai-grvsnakkgndmcibxdtbfznczdblr/Build/Products/Debug-iphonesimulator/SDWebImage/libSDWebImage.a"; sourceTree = "<group>"; };
		965958DB1E656F8500D13CFE /* libPods-geinipai.a */ = {isa = PBXFileReference; lastKnownFileType = archive.ar; name = "libPods-geinipai.a"; path = "../../Library/Developer/Xcode/DerivedData/geinipai-grvsnakkgndmcibxdtbfznczdblr/Build/Products/Debug-iphonesimulator/libPods-geinipai.a"; sourceTree = "<group>"; };
		C627016BCF5BE39D7985B535 /* Pods-geinipai.release.xcconfig */ = {isa = PBXFileReference; includeInIndex = 1; lastKnownFileType = text.xcconfig; name = "Pods-geinipai.release.xcconfig"; path = "Pods/Target Support Files/Pods-geinipai/Pods-geinipai.release.xcconfig"; sourceTree = "<group>"; };
/* End PBXFileReference section */

/* Begin PBXFrameworksBuildPhase section */
		965958021E5FA62100D13CFE /* Frameworks */ = {
			isa = PBXFrameworksBuildPhase;
			buildActionMask = 2147483647;
			files = (
				965958DA1E656F8000D13CFE /* libSDWebImage.a in Frameworks */,
				965958D71E6569BA00D13CFE /* libXRWaterfallLayout.a in Frameworks */,
				965958CB1E63B32700D13CFE /* QPSDK.framework in Frameworks */,
			);
			runOnlyForDeploymentPostprocessing = 0;
		};
/* End PBXFrameworksBuildPhase section */

/* Begin PBXGroup section */
		22F155FE563F6B47CEBB594D /* Pods */ = {
			isa = PBXGroup;
			children = (
				0EA99CACFF606C39DA75A70B /* Pods-geinipai.debug.xcconfig */,
				C627016BCF5BE39D7985B535 /* Pods-geinipai.release.xcconfig */,
			);
			name = Pods;
			sourceTree = "<group>";
		};
		965957FC1E5FA62100D13CFE = {
			isa = PBXGroup;
			children = (
				965958C81E63B32700D13CFE /* QPSDK.bundle */,
				965958C91E63B32700D13CFE /* QPSDK.framework */,
				965958751E611A0C00D13CFE /* DTScrolllStatusView */,
				965958071E5FA62200D13CFE /* geinipai */,
				965958061E5FA62200D13CFE /* Products */,
				22F155FE563F6B47CEBB594D /* Pods */,
				D2AC69BF76074B492F0A4D6C /* Frameworks */,
			);
			sourceTree = "<group>";
		};
		965958061E5FA62200D13CFE /* Products */ = {
			isa = PBXGroup;
			children = (
				965958051E5FA62200D13CFE /* geinipai.app */,
			);
			name = Products;
			sourceTree = "<group>";
		};
		965958071E5FA62200D13CFE /* geinipai */ = {
			isa = PBXGroup;
			children = (
				965958D11E655C6000D13CFE /* 1.plist */,
				965958D21E655C6000D13CFE /* XRImage.h */,
				965958D31E655C6000D13CFE /* XRImage.m */,
				965958CC1E655A3F00D13CFE /* XRCollectionViewCell.h */,
				965958CD1E655A3F00D13CFE /* XRCollectionViewCell.m */,
				965958CE1E655A3F00D13CFE /* XRCollectionViewCell.xib */,
				9659580B1E5FA62200D13CFE /* AppDelegate.h */,
				9659580C1E5FA62200D13CFE /* AppDelegate.m */,
				9659580E1E5FA62200D13CFE /* FirstViewController.h */,
				9659580F1E5FA62200D13CFE /* FirstViewController.m */,
				965958111E5FA62200D13CFE /* SecondViewController.h */,
				965958121E5FA62200D13CFE /* SecondViewController.m */,
				965958141E5FA62200D13CFE /* Main.storyboard */,
				965958171E5FA62200D13CFE /* Assets.xcassets */,
				965958191E5FA62200D13CFE /* LaunchScreen.storyboard */,
				9659581C1E5FA62200D13CFE /* Info.plist */,
				965958081E5FA62200D13CFE /* Supporting Files */,
				965958C11E611C2500D13CFE /* ScrollTapViewController.h */,
				965958C21E611C2500D13CFE /* ScrollTapViewController.m */,
			);
			path = geinipai;
			sourceTree = "<group>";
		};
		965958081E5FA62200D13CFE /* Supporting Files */ = {
			isa = PBXGroup;
			children = (
				965958091E5FA62200D13CFE /* main.m */,
			);
			name = "Supporting Files";
			sourceTree = "<group>";
		};
		965958751E611A0C00D13CFE /* DTScrolllStatusView */ = {
			isa = PBXGroup;
			children = (
				965958761E611A0C00D13CFE /* DTScrollStatusView.h */,
				965958771E611A0C00D13CFE /* DTScrollStatusView.m */,
				965958781E611A0C00D13CFE /* DTStatusView.h */,
				965958791E611A0C00D13CFE /* DTStatusView.m */,
				9659587A1E611A0C00D13CFE /* MJRefresh */,
			);
			path = DTScrolllStatusView;
			sourceTree = "<group>";
		};
		9659587A1E611A0C00D13CFE /* MJRefresh */ = {
			isa = PBXGroup;
			children = (
				9659587B1E611A0C00D13CFE /* LICENSE */,
				9659587C1E611A0C00D13CFE /* MJRefresh */,
				965958A91E611A0C00D13CFE /* README.md */,
			);
			path = MJRefresh;
			sourceTree = "<group>";
		};
		9659587C1E611A0C00D13CFE /* MJRefresh */ = {
			isa = PBXGroup;
			children = (
				9659587D1E611A0C00D13CFE /* Base */,
				965958881E611A0C00D13CFE /* Custom */,
				9659589F1E611A0C00D13CFE /* MJRefresh.bundle */,
				965958A01E611A0C00D13CFE /* MJRefresh.h */,
				965958A11E611A0C00D13CFE /* MJRefreshConst.h */,
				965958A21E611A0C00D13CFE /* MJRefreshConst.m */,
				965958A31E611A0C00D13CFE /* UIScrollView+MJExtension.h */,
				965958A41E611A0C00D13CFE /* UIScrollView+MJExtension.m */,
				965958A51E611A0C00D13CFE /* UIScrollView+MJRefresh.h */,
				965958A61E611A0C00D13CFE /* UIScrollView+MJRefresh.m */,
				965958A71E611A0C00D13CFE /* UIView+MJExtension.h */,
				965958A81E611A0C00D13CFE /* UIView+MJExtension.m */,
			);
			path = MJRefresh;
			sourceTree = "<group>";
		};
		9659587D1E611A0C00D13CFE /* Base */ = {
			isa = PBXGroup;
			children = (
				9659587E1E611A0C00D13CFE /* MJRefreshAutoFooter.h */,
				9659587F1E611A0C00D13CFE /* MJRefreshAutoFooter.m */,
				965958801E611A0C00D13CFE /* MJRefreshBackFooter.h */,
				965958811E611A0C00D13CFE /* MJRefreshBackFooter.m */,
				965958821E611A0C00D13CFE /* MJRefreshComponent.h */,
				965958831E611A0C00D13CFE /* MJRefreshComponent.m */,
				965958841E611A0C00D13CFE /* MJRefreshFooter.h */,
				965958851E611A0C00D13CFE /* MJRefreshFooter.m */,
				965958861E611A0C00D13CFE /* MJRefreshHeader.h */,
				965958871E611A0C00D13CFE /* MJRefreshHeader.m */,
			);
			path = Base;
			sourceTree = "<group>";
		};
		965958881E611A0C00D13CFE /* Custom */ = {
			isa = PBXGroup;
			children = (
				965958891E611A0C00D13CFE /* Footer */,
				965958981E611A0C00D13CFE /* Header */,
			);
			path = Custom;
			sourceTree = "<group>";
		};
		965958891E611A0C00D13CFE /* Footer */ = {
			isa = PBXGroup;
			children = (
				9659588A1E611A0C00D13CFE /* Auto */,
				965958911E611A0C00D13CFE /* Back */,
			);
			path = Footer;
			sourceTree = "<group>";
		};
		9659588A1E611A0C00D13CFE /* Auto */ = {
			isa = PBXGroup;
			children = (
				9659588B1E611A0C00D13CFE /* MJRefreshAutoGifFooter.h */,
				9659588C1E611A0C00D13CFE /* MJRefreshAutoGifFooter.m */,
				9659588D1E611A0C00D13CFE /* MJRefreshAutoNormalFooter.h */,
				9659588E1E611A0C00D13CFE /* MJRefreshAutoNormalFooter.m */,
				9659588F1E611A0C00D13CFE /* MJRefreshAutoStateFooter.h */,
				965958901E611A0C00D13CFE /* MJRefreshAutoStateFooter.m */,
			);
			path = Auto;
			sourceTree = "<group>";
		};
		965958911E611A0C00D13CFE /* Back */ = {
			isa = PBXGroup;
			children = (
				965958921E611A0C00D13CFE /* MJRefreshBackGifFooter.h */,
				965958931E611A0C00D13CFE /* MJRefreshBackGifFooter.m */,
				965958941E611A0C00D13CFE /* MJRefreshBackNormalFooter.h */,
				965958951E611A0C00D13CFE /* MJRefreshBackNormalFooter.m */,
				965958961E611A0C00D13CFE /* MJRefreshBackStateFooter.h */,
				965958971E611A0C00D13CFE /* MJRefreshBackStateFooter.m */,
			);
			path = Back;
			sourceTree = "<group>";
		};
		965958981E611A0C00D13CFE /* Header */ = {
			isa = PBXGroup;
			children = (
				965958991E611A0C00D13CFE /* MJRefreshGifHeader.h */,
				9659589A1E611A0C00D13CFE /* MJRefreshGifHeader.m */,
				9659589B1E611A0C00D13CFE /* MJRefreshNormalHeader.h */,
				9659589C1E611A0C00D13CFE /* MJRefreshNormalHeader.m */,
				9659589D1E611A0C00D13CFE /* MJRefreshStateHeader.h */,
				9659589E1E611A0C00D13CFE /* MJRefreshStateHeader.m */,
			);
			path = Header;
			sourceTree = "<group>";
		};
		D2AC69BF76074B492F0A4D6C /* Frameworks */ = {
			isa = PBXGroup;
			children = (
				965958DB1E656F8500D13CFE /* libPods-geinipai.a */,
				965958D81E6569C100D13CFE /* libSDWebImage.a */,
				965958D61E6569BA00D13CFE /* libXRWaterfallLayout.a */,
				4CD68E7210CEF1BFFBB138B0 /* libPods-geinipai.a */,
			);
			name = Frameworks;
			sourceTree = "<group>";
		};
/* End PBXGroup section */

/* Begin PBXNativeTarget section */
		965958041E5FA62100D13CFE /* geinipai */ = {
			isa = PBXNativeTarget;
			buildConfigurationList = 9659581F1E5FA62200D13CFE /* Build configuration list for PBXNativeTarget "geinipai" */;
			buildPhases = (
				1530CA4F4351079006D42CE2 /* [CP] Check Pods Manifest.lock */,
				965958011E5FA62100D13CFE /* Sources */,
				965958021E5FA62100D13CFE /* Frameworks */,
				965958031E5FA62100D13CFE /* Resources */,
				D7EEA760DA9331028469591D /* [CP] Embed Pods Frameworks */,
				2C508BCD9054C5A98EF865F0 /* [CP] Copy Pods Resources */,
			);
			buildRules = (
			);
			dependencies = (
			);
			name = geinipai;
			productName = geinipai;
			productReference = 965958051E5FA62200D13CFE /* geinipai.app */;
			productType = "com.apple.product-type.application";
		};
/* End PBXNativeTarget section */

/* Begin PBXProject section */
		965957FD1E5FA62100D13CFE /* Project object */ = {
			isa = PBXProject;
			attributes = {
				LastUpgradeCheck = 0820;
				ORGANIZATIONNAME = Huaining;
				TargetAttributes = {
					965958041E5FA62100D13CFE = {
						CreatedOnToolsVersion = 8.2.1;
						DevelopmentTeam = 3YGGWGX2UN;
						ProvisioningStyle = Automatic;
					};
				};
			};
			buildConfigurationList = 965958001E5FA62100D13CFE /* Build configuration list for PBXProject "geinipai" */;
			compatibilityVersion = "Xcode 3.2";
			developmentRegion = English;
			hasScannedForEncodings = 0;
			knownRegions = (
				en,
				Base,
			);
			mainGroup = 965957FC1E5FA62100D13CFE;
			productRefGroup = 965958061E5FA62200D13CFE /* Products */;
			projectDirPath = "";
			projectRoot = "";
			targets = (
				965958041E5FA62100D13CFE /* geinipai */,
			);
		};
/* End PBXProject section */

/* Begin PBXResourcesBuildPhase section */
		965958031E5FA62100D13CFE /* Resources */ = {
			isa = PBXResourcesBuildPhase;
			buildActionMask = 2147483647;
			files = (
				965958AC1E611A0C00D13CFE /* LICENSE in Resources */,
				965958D01E655A3F00D13CFE /* XRCollectionViewCell.xib in Resources */,
				965958D41E655C6000D13CFE /* 1.plist in Resources */,
				9659581B1E5FA62200D13CFE /* LaunchScreen.storyboard in Resources */,
				965958BB1E611A0C00D13CFE /* MJRefresh.bundle in Resources */,
				965958CA1E63B32700D13CFE /* QPSDK.bundle in Resources */,
				965958181E5FA62200D13CFE /* Assets.xcassets in Resources */,
				965958161E5FA62200D13CFE /* Main.storyboard in Resources */,
			);
			runOnlyForDeploymentPostprocessing = 0;
		};
/* End PBXResourcesBuildPhase section */

/* Begin PBXShellScriptBuildPhase section */
		1530CA4F4351079006D42CE2 /* [CP] Check Pods Manifest.lock */ = {
			isa = PBXShellScriptBuildPhase;
			buildActionMask = 2147483647;
			files = (
			);
			inputPaths = (
			);
			name = "[CP] Check Pods Manifest.lock";
			outputPaths = (
			);
			runOnlyForDeploymentPostprocessing = 0;
			shellPath = /bin/sh;
			shellScript = "diff \"${PODS_ROOT}/../Podfile.lock\" \"${PODS_ROOT}/Manifest.lock\" > /dev/null\nif [[ $? != 0 ]] ; then\n    cat << EOM\nerror: The sandbox is not in sync with the Podfile.lock. Run 'pod install' or update your CocoaPods installation.\nEOM\n    exit 1\nfi\n";
			showEnvVarsInLog = 0;
		};
		2C508BCD9054C5A98EF865F0 /* [CP] Copy Pods Resources */ = {
			isa = PBXShellScriptBuildPhase;
			buildActionMask = 2147483647;
			files = (
			);
			inputPaths = (
			);
			name = "[CP] Copy Pods Resources";
			outputPaths = (
			);
			runOnlyForDeploymentPostprocessing = 0;
			shellPath = /bin/sh;
			shellScript = "\"${SRCROOT}/Pods/Target Support Files/Pods-geinipai/Pods-geinipai-resources.sh\"\n";
			showEnvVarsInLog = 0;
		};
		D7EEA760DA9331028469591D /* [CP] Embed Pods Frameworks */ = {
			isa = PBXShellScriptBuildPhase;
			buildActionMask = 2147483647;
			files = (
			);
			inputPaths = (
			);
			name = "[CP] Embed Pods Frameworks";
			outputPaths = (
			);
			runOnlyForDeploymentPostprocessing = 0;
			shellPath = /bin/sh;
			shellScript = "\"${SRCROOT}/Pods/Target Support Files/Pods-geinipai/Pods-geinipai-frameworks.sh\"\n";
			showEnvVarsInLog = 0;
		};
/* End PBXShellScriptBuildPhase section */

/* Begin PBXSourcesBuildPhase section */
		965958011E5FA62100D13CFE /* Sources */ = {
			isa = PBXSourcesBuildPhase;
			buildActionMask = 2147483647;
			files = (
				965958131E5FA62200D13CFE /* SecondViewController.m in Sources */,
				965958B21E611A0C00D13CFE /* MJRefreshAutoGifFooter.m in Sources */,
				965958B41E611A0C00D13CFE /* MJRefreshAutoStateFooter.m in Sources */,
				965958C31E611C2500D13CFE /* ScrollTapViewController.m in Sources */,
				965958AF1E611A0C00D13CFE /* MJRefreshComponent.m in Sources */,
				965958B01E611A0C00D13CFE /* MJRefreshFooter.m in Sources */,
				965958C01E611A0C00D13CFE /* README.md in Sources */,
				965958CF1E655A3F00D13CFE /* XRCollectionViewCell.m in Sources */,
				9659580D1E5FA62200D13CFE /* AppDelegate.m in Sources */,
				965958BE1E611A0C00D13CFE /* UIScrollView+MJRefresh.m in Sources */,
				965958BD1E611A0C00D13CFE /* UIScrollView+MJExtension.m in Sources */,
				965958B81E611A0C00D13CFE /* MJRefreshGifHeader.m in Sources */,
				965958AB1E611A0C00D13CFE /* DTStatusView.m in Sources */,
				965958BA1E611A0C00D13CFE /* MJRefreshStateHeader.m in Sources */,
				965958B61E611A0C00D13CFE /* MJRefreshBackNormalFooter.m in Sources */,
				965958101E5FA62200D13CFE /* FirstViewController.m in Sources */,
				9659580A1E5FA62200D13CFE /* main.m in Sources */,
				965958D51E655C6000D13CFE /* XRImage.m in Sources */,
				965958B91E611A0C00D13CFE /* MJRefreshNormalHeader.m in Sources */,
				965958B31E611A0C00D13CFE /* MJRefreshAutoNormalFooter.m in Sources */,
				965958BF1E611A0C00D13CFE /* UIView+MJExtension.m in Sources */,
				965958AD1E611A0C00D13CFE /* MJRefreshAutoFooter.m in Sources */,
				965958B71E611A0C00D13CFE /* MJRefreshBackStateFooter.m in Sources */,
				965958B11E611A0C00D13CFE /* MJRefreshHeader.m in Sources */,
				965958B51E611A0C00D13CFE /* MJRefreshBackGifFooter.m in Sources */,
				965958AA1E611A0C00D13CFE /* DTScrollStatusView.m in Sources */,
				965958BC1E611A0C00D13CFE /* MJRefreshConst.m in Sources */,
				965958AE1E611A0C00D13CFE /* MJRefreshBackFooter.m in Sources */,
			);
			runOnlyForDeploymentPostprocessing = 0;
		};
/* End PBXSourcesBuildPhase section */

/* Begin PBXVariantGroup section */
		965958141E5FA62200D13CFE /* Main.storyboard */ = {
			isa = PBXVariantGroup;
			children = (
				965958151E5FA62200D13CFE /* Base */,
				965958281E60027400D13CFE /* zh-Hans */,
			);
			name = Main.storyboard;
			sourceTree = "<group>";
		};
		965958191E5FA62200D13CFE /* LaunchScreen.storyboard */ = {
			isa = PBXVariantGroup;
			children = (
				9659581A1E5FA62200D13CFE /* Base */,
				965958291E60027400D13CFE /* zh-Hans */,
			);
			name = LaunchScreen.storyboard;
			sourceTree = "<group>";
		};
/* End PBXVariantGroup section */

/* Begin XCBuildConfiguration section */
		9659581D1E5FA62200D13CFE /* Debug */ = {
			isa = XCBuildConfiguration;
			buildSettings = {
				ALWAYS_SEARCH_USER_PATHS = NO;
				CLANG_ANALYZER_LOCALIZABILITY_NONLOCALIZED = YES;
				CLANG_ANALYZER_NONNULL = YES;
				CLANG_CXX_LANGUAGE_STANDARD = "gnu++0x";
				CLANG_CXX_LIBRARY = "libc++";
				CLANG_ENABLE_MODULES = YES;
				CLANG_ENABLE_OBJC_ARC = YES;
				CLANG_WARN_BOOL_CONVERSION = YES;
				CLANG_WARN_CONSTANT_CONVERSION = YES;
				CLANG_WARN_DIRECT_OBJC_ISA_USAGE = YES_ERROR;
				CLANG_WARN_DOCUMENTATION_COMMENTS = YES;
				CLANG_WARN_EMPTY_BODY = YES;
				CLANG_WARN_ENUM_CONVERSION = YES;
				CLANG_WARN_INFINITE_RECURSION = YES;
				CLANG_WARN_INT_CONVERSION = YES;
				CLANG_WARN_OBJC_ROOT_CLASS = YES_ERROR;
				CLANG_WARN_SUSPICIOUS_MOVE = YES;
				CLANG_WARN_UNREACHABLE_CODE = YES;
				CLANG_WARN__DUPLICATE_METHOD_MATCH = YES;
				"CODE_SIGN_IDENTITY[sdk=iphoneos*]" = "iPhone Developer";
				COPY_PHASE_STRIP = NO;
				DEBUG_INFORMATION_FORMAT = dwarf;
				ENABLE_STRICT_OBJC_MSGSEND = YES;
				ENABLE_TESTABILITY = YES;
				GCC_C_LANGUAGE_STANDARD = gnu99;
				GCC_DYNAMIC_NO_PIC = NO;
				GCC_NO_COMMON_BLOCKS = YES;
				GCC_OPTIMIZATION_LEVEL = 0;
				GCC_PREPROCESSOR_DEFINITIONS = (
					"DEBUG=1",
					"$(inherited)",
				);
				GCC_WARN_64_TO_32_BIT_CONVERSION = YES;
				GCC_WARN_ABOUT_RETURN_TYPE = YES_ERROR;
				GCC_WARN_UNDECLARED_SELECTOR = YES;
				GCC_WARN_UNINITIALIZED_AUTOS = YES_AGGRESSIVE;
				GCC_WARN_UNUSED_FUNCTION = YES;
				GCC_WARN_UNUSED_VARIABLE = YES;
				IPHONEOS_DEPLOYMENT_TARGET = 10.2;
				MTL_ENABLE_DEBUG_INFO = YES;
				ONLY_ACTIVE_ARCH = YES;
				SDKROOT = iphoneos;
			};
			name = Debug;
		};
		9659581E1E5FA62200D13CFE /* Release */ = {
			isa = XCBuildConfiguration;
			buildSettings = {
				ALWAYS_SEARCH_USER_PATHS = NO;
				CLANG_ANALYZER_LOCALIZABILITY_NONLOCALIZED = YES;
				CLANG_ANALYZER_NONNULL = YES;
				CLANG_CXX_LANGUAGE_STANDARD = "gnu++0x";
				CLANG_CXX_LIBRARY = "libc++";
				CLANG_ENABLE_MODULES = YES;
				CLANG_ENABLE_OBJC_ARC = YES;
				CLANG_WARN_BOOL_CONVERSION = YES;
				CLANG_WARN_CONSTANT_CONVERSION = YES;
				CLANG_WARN_DIRECT_OBJC_ISA_USAGE = YES_ERROR;
				CLANG_WARN_DOCUMENTATION_COMMENTS = YES;
				CLANG_WARN_EMPTY_BODY = YES;
				CLANG_WARN_ENUM_CONVERSION = YES;
				CLANG_WARN_INFINITE_RECURSION = YES;
				CLANG_WARN_INT_CONVERSION = YES;
				CLANG_WARN_OBJC_ROOT_CLASS = YES_ERROR;
				CLANG_WARN_SUSPICIOUS_MOVE = YES;
				CLANG_WARN_UNREACHABLE_CODE = YES;
				CLANG_WARN__DUPLICATE_METHOD_MATCH = YES;
				"CODE_SIGN_IDENTITY[sdk=iphoneos*]" = "iPhone Developer";
				COPY_PHASE_STRIP = NO;
				DEBUG_INFORMATION_FORMAT = "dwarf-with-dsym";
				ENABLE_NS_ASSERTIONS = NO;
				ENABLE_STRICT_OBJC_MSGSEND = YES;
				GCC_C_LANGUAGE_STANDARD = gnu99;
				GCC_NO_COMMON_BLOCKS = YES;
				GCC_WARN_64_TO_32_BIT_CONVERSION = YES;
				GCC_WARN_ABOUT_RETURN_TYPE = YES_ERROR;
				GCC_WARN_UNDECLARED_SELECTOR = YES;
				GCC_WARN_UNINITIALIZED_AUTOS = YES_AGGRESSIVE;
				GCC_WARN_UNUSED_FUNCTION = YES;
				GCC_WARN_UNUSED_VARIABLE = YES;
				IPHONEOS_DEPLOYMENT_TARGET = 10.2;
				MTL_ENABLE_DEBUG_INFO = NO;
				SDKROOT = iphoneos;
				VALIDATE_PRODUCT = YES;
			};
			name = Release;
		};
		965958201E5FA62200D13CFE /* Debug */ = {
			isa = XCBuildConfiguration;
			baseConfigurationReference = 0EA99CACFF606C39DA75A70B /* Pods-geinipai.debug.xcconfig */;
			buildSettings = {
				ASSETCATALOG_COMPILER_APPICON_NAME = AppIcon;
				DEVELOPMENT_TEAM = 3YGGWGX2UN;
				FRAMEWORK_SEARCH_PATHS = (
					"$(inherited)",
					"$(PROJECT_DIR)",
				);
				INFOPLIST_FILE = geinipai/Info.plist;
				LD_RUNPATH_SEARCH_PATHS = "$(inherited) @executable_path/Frameworks";
				OTHER_LDFLAGS = "-ObjC";
				PRODUCT_BUNDLE_IDENTIFIER = com.huaining.geinipai;
				PRODUCT_NAME = "$(TARGET_NAME)";
			};
			name = Debug;
		};
		965958211E5FA62200D13CFE /* Release */ = {
			isa = XCBuildConfiguration;
			baseConfigurationReference = C627016BCF5BE39D7985B535 /* Pods-geinipai.release.xcconfig */;
			buildSettings = {
				ASSETCATALOG_COMPILER_APPICON_NAME = AppIcon;
				DEVELOPMENT_TEAM = 3YGGWGX2UN;
				FRAMEWORK_SEARCH_PATHS = (
					"$(inherited)",
					"$(PROJECT_DIR)",
				);
				INFOPLIST_FILE = geinipai/Info.plist;
				LD_RUNPATH_SEARCH_PATHS = "$(inherited) @executable_path/Frameworks";
				OTHER_LDFLAGS = "-ObjC";
				PRODUCT_BUNDLE_IDENTIFIER = com.huaining.geinipai;
				PRODUCT_NAME = "$(TARGET_NAME)";
			};
			name = Release;
		};
/* End XCBuildConfiguration section */

/* Begin XCConfigurationList section */
		965958001E5FA62100D13CFE /* Build configuration list for PBXProject "geinipai" */ = {
			isa = XCConfigurationList;
			buildConfigurations = (
				9659581D1E5FA62200D13CFE /* Debug */,
				9659581E1E5FA62200D13CFE /* Release */,
			);
			defaultConfigurationIsVisible = 0;
			defaultConfigurationName = Release;
		};
		9659581F1E5FA62200D13CFE /* Build configuration list for PBXNativeTarget "geinipai" */ = {
			isa = XCConfigurationList;
			buildConfigurations = (
				965958201E5FA62200D13CFE /* Debug */,
				965958211E5FA62200D13CFE /* Release */,
			);
			defaultConfigurationIsVisible = 0;
			defaultConfigurationName = Release;
		};
/* End XCConfigurationList section */
	};
	rootObject = 965957FD1E5FA62100D13CFE /* Project object */;
}
